
Microsoft Visual Studio Solution File, Format Version 12.00
# Visual Studio Version 17
VisualStudioVersion = 17.14.36705.20
MinimumVisualStudioVersion = 10.0.40219.1
Project("{FAE04EC0-301F-11D3-BF4B-00C04F79EFBC}") = "KamiYomu.CrawlerAgents.ConsoleApp", "KamiYomu.CrawlerAgents.ConsoleApp\KamiYomu.CrawlerAgents.ConsoleApp.csproj", "{4AC18876-E003-9996-347B-48215310AA02}"
EndProject
Project("{FAE04EC0-301F-11D3-BF4B-00C04F79EFBC}") = "KamiYomu.CrawlerAgents.WeebCentral", "KamiYomu.CrawlerAgents.WeebCentral\KamiYomu.CrawlerAgents.WeebCentral.csproj", "{BD2364F4-3E06-2FA4-20D1-F0151E1943C2}"
EndProject
Global
	GlobalSection(SolutionConfigurationPlatforms) = preSolution
		Debug|Any CPU = Debug|Any CPU
		Release|Any CPU = Release|Any CPU
	EndGlobalSection
	GlobalSection(ProjectConfigurationPlatforms) = postSolution
		{4AC18876-E003-9996-347B-48215310AA02}.Debug|Any CPU.ActiveCfg = Debug|Any CPU
		{4AC18876-E003-9996-347B-48215310AA02}.Debug|Any CPU.Build.0 = Debug|Any CPU
		{4AC18876-E003-9996-347B-48215310AA02}.Release|Any CPU.ActiveCfg = Release|Any CPU
		{4AC18876-E003-9996-347B-48215310AA02}.Release|Any CPU.Build.0 = Release|Any CPU
		{BD2364F4-3E06-2FA4-20D1-F0151E1943C2}.Debug|Any CPU.ActiveCfg = Debug|Any CPU
		{BD2364F4-3E06-2FA4-20D1-F0151E1943C2}.Debug|Any CPU.Build.0 = Debug|Any CPU
		{BD2364F4-3E06-2FA4-20D1-F0151E1943C2}.Release|Any CPU.ActiveCfg = Release|Any CPU
		{BD2364F4-3E06-2FA4-20D1-F0151E1943C2}.Release|Any CPU.Build.0 = Release|Any CPU
	EndGlobalSection
	GlobalSection(SolutionProperties) = preSolution
		HideSolutionNode = FALSE
	EndGlobalSection
	GlobalSection(ExtensibilityGlobals) = postSolution
		SolutionGuid = {408F6939-983C-4764-A0BA-99320A198601}
	EndGlobalSection
EndGlobal
